{
  "name": "scheduler",
  "lockfileVersion": 3,
  "requires": true,
  "packages": {
    "": {
      "dependencies": {
        "@types/dagre": "^0.7.53",
        "dagre": "^0.8.5",
        "insert-css": "^2.0.0"
      }
    },
    "node_modules/@types/dagre": {
      "version": "0.7.53",
      "resolved": "https://registry.npmmirror.com/@types/dagre/-/dagre-0.7.53.tgz",
      "integrity": "sha512-f4gkWqzPZvYmKhOsDnhq/R8mO4UMcKdxZo+i5SCkOU1wvGeHJeUXGIHeE9pnwGyPMDof1Vx5ZQo4nxpeg2TTVQ==",
      "license": "MIT"
    },
    "node_modules/dagre": {
      "version": "0.8.5",
      "resolved": "https://registry.npmmirror.com/dagre/-/dagre-0.8.5.tgz",
      "integrity": "sha512-/aTqmnRta7x7MCCpExk7HQL2O4owCT2h8NT//9I1OQ9vt29Pa0BzSAkR5lwFUcQ7491yVi/3CXU9jQ5o0Mn2Sw==",
      "license": "MIT",
      "dependencies": {
        "graphlib": "^2.1.8",
        "lodash": "^4.17.15"
      }
    },
    "node_modules/graphlib": {
      "version": "2.1.8",
      "resolved": "https://registry.npmmirror.com/graphlib/-/graphlib-2.1.8.tgz",
      "integrity": "sha512-jcLLfkpoVGmH7/InMC/1hIvOPSUh38oJtGhvrOFGzioE1DZ+0YW16RgmOJhHiuWTvGiJQ9Z1Ik43JvkRPRvE+A==",
      "license": "MIT",
      "dependencies": {
        "lodash": "^4.17.15"
      }
    },
    "node_modules/insert-css": {
      "version": "2.0.0",
      "resolved": "https://registry.npmmirror.com/insert-css/-/insert-css-2.0.0.tgz",
      "integrity": "sha512-xGq5ISgcUP5cvGkS2MMFLtPDBtrtQPSFfC6gA6U8wHKqfjTIMZLZNxOItQnoSjdOzlXOLU/yD32RKC4SvjNbtA==",
      "license": "MIT"
    },
    "node_modules/lodash": {
      "version": "4.17.21",
      "resolved": "https://registry.npmmirror.com/lodash/-/lodash-4.17.21.tgz",
      "integrity": "sha512-v2kDEe57lecTulaDIuNTPy3Ry4gLGJ6Z1O3vE1krgXZNrsQ+LFTGHVxVjcXPs17LhbZVGedAJv8XZ1tvj5FvSg==",
      "license": "MIT"
    }
  }
}
